{
  "name": "sc-upgrade-detector",
  "version": "1.0.0",
  "lockfileVersion": 1,
  "requires": true,
  "dependencies": {
    "solidity-rlp": {
      "version": "2.0.5",
      "resolved": "https://registry.npmjs.org/solidity-rlp/-/solidity-rlp-2.0.5.tgz",
      "integrity": "sha512-7KMkthit28syQibMOCZIUoXVWLtzoj8u40p5xlwNG1cDzWkYTmNTPpEH5e3+uaYh4gKWsfo6GBe9XWTzIF+n0w=="
    }
  }
}
